
Microsoft Visual Studio Solution File, Format Version 12.00
# Visual Studio Version 16
VisualStudioVersion = 16.0.31702.278
MinimumVisualStudioVersion = 10.0.40219.1
Project("{FAE04EC0-301F-11D3-BF4B-00C04F79EFBC}") = "TestHospital.Android", "TestHospital.Android\TestHospital.Android.csproj", "{B32B36A1-36BE-43F0-98AE-222F278677A6}"
EndProject
Project("{FAE04EC0-301F-11D3-BF4B-00C04F79EFBC}") = "TestHospital.iOS", "TestHospital.iOS\TestHospital.iOS.csproj", "{A5EE6EF5-E8CC-448B-9DA7-DFFC7E953A24}"
EndProject
Project("{FAE04EC0-301F-11D3-BF4B-00C04F79EFBC}") = "TestHospital", "TestHospital\TestHospital.csproj", "{2587BF24-52D7-4408-9D01-B36B75EF6CE2}"
EndProject
Global
	GlobalSection(SolutionConfigurationPlatforms) = preSolution
		Debug|Any CPU = Debug|Any CPU
		Debug|iPhone = Debug|iPhone
		Debug|iPhoneSimulator = Debug|iPhoneSimulator
		Release|Any CPU = Release|Any CPU
		Release|iPhone = Release|iPhone
		Release|iPhoneSimulator = Release|iPhoneSimulator
	EndGlobalSection
	GlobalSection(ProjectConfigurationPlatforms) = postSolution
		{B32B36A1-36BE-43F0-98AE-222F278677A6}.Debug|Any CPU.ActiveCfg = Debug|Any CPU
		{B32B36A1-36BE-43F0-98AE-222F278677A6}.Debug|Any CPU.Build.0 = Debug|Any CPU
		{B32B36A1-36BE-43F0-98AE-222F278677A6}.Debug|Any CPU.Deploy.0 = Debug|Any CPU
		{B32B36A1-36BE-43F0-98AE-222F278677A6}.Debug|iPhone.ActiveCfg = Debug|Any CPU
		{B32B36A1-36BE-43F0-98AE-222F278677A6}.Debug|iPhone.Build.0 = Debug|Any CPU
		{B32B36A1-36BE-43F0-98AE-222F278677A6}.Debug|iPhone.Deploy.0 = Debug|Any CPU
		{B32B36A1-36BE-43F0-98AE-222F278677A6}.Debug|iPhoneSimulator.ActiveCfg = Debug|Any CPU
		{B32B36A1-36BE-43F0-98AE-222F278677A6}.Debug|iPhoneSimulator.Build.0 = Debug|Any CPU
		{B32B36A1-36BE-43F0-98AE-222F278677A6}.Debug|iPhoneSimulator.Deploy.0 = Debug|Any CPU
		{B32B36A1-36BE-43F0-98AE-222F278677A6}.Release|Any CPU.ActiveCfg = Release|Any CPU
		{B32B36A1-36BE-43F0-98AE-222F278677A6}.Release|Any CPU.Build.0 = Release|Any CPU
		{B32B36A1-36BE-43F0-98AE-222F278677A6}.Release|Any CPU.Deploy.0 = Release|Any CPU
		{B32B36A1-36BE-43F0-98AE-222F278677A6}.Release|iPhone.ActiveCfg = Release|Any CPU
		{B32B36A1-36BE-43F0-98AE-222F278677A6}.Release|iPhone.Build.0 = Release|Any CPU
		{B32B36A1-36BE-43F0-98AE-222F278677A6}.Release|iPhone.Deploy.0 = Release|Any CPU
		{B32B36A1-36BE-43F0-98AE-222F278677A6}.Release|iPhoneSimulator.ActiveCfg = Release|Any CPU
		{B32B36A1-36BE-43F0-98AE-222F278677A6}.Release|iPhoneSimulator.Build.0 = Release|Any CPU
		{B32B36A1-36BE-43F0-98AE-222F278677A6}.Release|iPhoneSimulator.Deploy.0 = Release|Any CPU
		{A5EE6EF5-E8CC-448B-9DA7-DFFC7E953A24}.Debug|Any CPU.ActiveCfg = Debug|iPhone
		{A5EE6EF5-E8CC-448B-9DA7-DFFC7E953A24}.Debug|Any CPU.Build.0 = Debug|iPhone
		{A5EE6EF5-E8CC-448B-9DA7-DFFC7E953A24}.Debug|Any CPU.Deploy.0 = Debug|iPhone
		{A5EE6EF5-E8CC-448B-9DA7-DFFC7E953A24}.Debug|iPhone.ActiveCfg = Debug|iPhone
		{A5EE6EF5-E8CC-448B-9DA7-DFFC7E953A24}.Debug|iPhone.Build.0 = Debug|iPhone
		{A5EE6EF5-E8CC-448B-9DA7-DFFC7E953A24}.Debug|iPhone.Deploy.0 = Debug|iPhone
		{A5EE6EF5-E8CC-448B-9DA7-DFFC7E953A24}.Debug|iPhoneSimulator.ActiveCfg = Debug|iPhoneSimulator
		{A5EE6EF5-E8CC-448B-9DA7-DFFC7E953A24}.Debug|iPhoneSimulator.Build.0 = Debug|iPhoneSimulator
		{A5EE6EF5-E8CC-448B-9DA7-DFFC7E953A24}.Debug|iPhoneSimulator.Deploy.0 = Debug|iPhoneSimulator
		{A5EE6EF5-E8CC-448B-9DA7-DFFC7E953A24}.Release|Any CPU.ActiveCfg = Release|iPhoneSimulator
		{A5EE6EF5-E8CC-448B-9DA7-DFFC7E953A24}.Release|Any CPU.Build.0 = Release|iPhoneSimulator
		{A5EE6EF5-E8CC-448B-9DA7-DFFC7E953A24}.Release|Any CPU.Deploy.0 = Release|iPhoneSimulator
		{A5EE6EF5-E8CC-448B-9DA7-DFFC7E953A24}.Release|iPhone.ActiveCfg = Release|iPhone
		{A5EE6EF5-E8CC-448B-9DA7-DFFC7E953A24}.Release|iPhone.Build.0 = Release|iPhone
		{A5EE6EF5-E8CC-448B-9DA7-DFFC7E953A24}.Release|iPhone.Deploy.0 = Release|iPhone
		{A5EE6EF5-E8CC-448B-9DA7-DFFC7E953A24}.Release|iPhoneSimulator.ActiveCfg = Release|iPhoneSimulator
		{A5EE6EF5-E8CC-448B-9DA7-DFFC7E953A24}.Release|iPhoneSimulator.Build.0 = Release|iPhoneSimulator
		{A5EE6EF5-E8CC-448B-9DA7-DFFC7E953A24}.Release|iPhoneSimulator.Deploy.0 = Release|iPhoneSimulator
		{2587BF24-52D7-4408-9D01-B36B75EF6CE2}.Debug|Any CPU.ActiveCfg = Debug|Any CPU
		{2587BF24-52D7-4408-9D01-B36B75EF6CE2}.Debug|Any CPU.Build.0 = Debug|Any CPU
		{2587BF24-52D7-4408-9D01-B36B75EF6CE2}.Debug|Any CPU.Deploy.0 = Debug|Any CPU
		{2587BF24-52D7-4408-9D01-B36B75EF6CE2}.Debug|iPhone.ActiveCfg = Debug|Any CPU
		{2587BF24-52D7-4408-9D01-B36B75EF6CE2}.Debug|iPhone.Build.0 = Debug|Any CPU
		{2587BF24-52D7-4408-9D01-B36B75EF6CE2}.Debug|iPhone.Deploy.0 = Debug|Any CPU
		{2587BF24-52D7-4408-9D01-B36B75EF6CE2}.Debug|iPhoneSimulator.ActiveCfg = Debug|Any CPU
		{2587BF24-52D7-4408-9D01-B36B75EF6CE2}.Debug|iPhoneSimulator.Build.0 = Debug|Any CPU
		{2587BF24-52D7-4408-9D01-B36B75EF6CE2}.Debug|iPhoneSimulator.Deploy.0 = Debug|Any CPU
		{2587BF24-52D7-4408-9D01-B36B75EF6CE2}.Release|Any CPU.ActiveCfg = Release|Any CPU
		{2587BF24-52D7-4408-9D01-B36B75EF6CE2}.Release|Any CPU.Build.0 = Release|Any CPU
		{2587BF24-52D7-4408-9D01-B36B75EF6CE2}.Release|Any CPU.Deploy.0 = Release|Any CPU
		{2587BF24-52D7-4408-9D01-B36B75EF6CE2}.Release|iPhone.ActiveCfg = Release|Any CPU
		{2587BF24-52D7-4408-9D01-B36B75EF6CE2}.Release|iPhone.Build.0 = Release|Any CPU
		{2587BF24-52D7-4408-9D01-B36B75EF6CE2}.Release|iPhone.Deploy.0 = Release|Any CPU
		{2587BF24-52D7-4408-9D01-B36B75EF6CE2}.Release|iPhoneSimulator.ActiveCfg = Release|Any CPU
		{2587BF24-52D7-4408-9D01-B36B75EF6CE2}.Release|iPhoneSimulator.Build.0 = Release|Any CPU
		{2587BF24-52D7-4408-9D01-B36B75EF6CE2}.Release|iPhoneSimulator.Deploy.0 = Release|Any CPU
	EndGlobalSection
	GlobalSection(SolutionProperties) = preSolution
		HideSolutionNode = FALSE
	EndGlobalSection
	GlobalSection(ExtensibilityGlobals) = postSolution
		SolutionGuid = {F90365F3-E8C3-4890-95F6-C4C3422F9641}
	EndGlobalSection
EndGlobal
